
Microsoft Visual Studio Solution File, Format Version 12.00
# Visual Studio Version 16
VisualStudioVersion = 16.0.29306.81
MinimumVisualStudioVersion = 10.0.40219.1
Project("{FAE04EC0-301F-11D3-BF4B-00C04F79EFBC}") = "Find the Average Values of all the Array Elements", "Find the Average Values of all the Array Elements\Find the Average Values of all the Array Elements.csproj", "{E2001080-50D7-4584-A049-568E33F4FB29}"
EndProject
Global
	GlobalSection(SolutionConfigurationPlatforms) = preSolution
		Debug|Any CPU = Debug|Any CPU
		Release|Any CPU = Release|Any CPU
	EndGlobalSection
	GlobalSection(ProjectConfigurationPlatforms) = postSolution
		{E2001080-50D7-4584-A049-568E33F4FB29}.Debug|Any CPU.ActiveCfg = Debug|Any CPU
		{E2001080-50D7-4584-A049-568E33F4FB29}.Debug|Any CPU.Build.0 = Debug|Any CPU
		{E2001080-50D7-4584-A049-568E33F4FB29}.Release|Any CPU.ActiveCfg = Release|Any CPU
		{E2001080-50D7-4584-A049-568E33F4FB29}.Release|Any CPU.Build.0 = Release|Any CPU
	EndGlobalSection
	GlobalSection(SolutionProperties) = preSolution
		HideSolutionNode = FALSE
	EndGlobalSection
	GlobalSection(ExtensibilityGlobals) = postSolution
		SolutionGuid = {823B2C0C-B36F-4DE9-8268-B2EC3419428B}
	EndGlobalSection
EndGlobal
